// !$*UTF8*$!
{
	archiveVersion = 1;
	classes = {
	};
	objectVersion = 46;
	objects = {

/* Begin PBXBuildFile section */
		8B2B6EE7157FD2990002B700 /* KNFBDemoFacebookController.m in Sources */ = {isa = PBXBuildFile; fileRef = 8B2B6EE5157FD2990002B700 /* KNFBDemoFacebookController.m */; };
		8B2B6EE8157FD2990002B700 /* KNFBDemoFacebookController.xib in Resources */ = {isa = PBXBuildFile; fileRef = 8B2B6EE6157FD2990002B700 /* KNFBDemoFacebookController.xib */; };
		8B2B6EEC157FD2B30002B700 /* KNFBIntroViewController.m in Sources */ = {isa = PBXBuildFile; fileRef = 8B2B6EEA157FD2B30002B700 /* KNFBIntroViewController.m */; };
		8B2B6EED157FD2B30002B700 /* KNFBIntroViewController.xib in Resources */ = {isa = PBXBuildFile; fileRef = 8B2B6EEB157FD2B30002B700 /* KNFBIntroViewController.xib */; };
		8B443DF7157FB59800095931 /* KNFBDemoBasicController.m in Sources */ = {isa = PBXBuildFile; fileRef = 8B443DF5157FB59800095931 /* KNFBDemoBasicController.m */; };
		8B443DF8157FB59800095931 /* KNFBDemoBasicController.xib in Resources */ = {isa = PBXBuildFile; fileRef = 8B443DF6157FB59800095931 /* KNFBDemoBasicController.xib */; };
		8B443DFC157FB6A400095931 /* KNButtonBG.png in Resources */ = {isa = PBXBuildFile; fileRef = 8B443DFA157FB6A400095931 /* KNButtonBG.png */; };
		8B443DFD157FB6A400095931 /* KNButtonBG@2x.png in Resources */ = {isa = PBXBuildFile; fileRef = 8B443DFB157FB6A400095931 /* KNButtonBG@2x.png */; };
		8B443E00157FB6C300095931 /* LoginWithFacebookNormal.png in Resources */ = {isa = PBXBuildFile; fileRef = 8B443DFE157FB6C300095931 /* LoginWithFacebookNormal.png */; };
		8B443E01157FB6C300095931 /* LoginWithFacebookNormal@2x.png in Resources */ = {isa = PBXBuildFile; fileRef = 8B443DFF157FB6C300095931 /* LoginWithFacebookNormal@2x.png */; };
		8B443E08157FC0F700095931 /* TabFacebook.png in Resources */ = {isa = PBXBuildFile; fileRef = 8B443E06157FC0F700095931 /* TabFacebook.png */; };
		8B443E09157FC0F700095931 /* TabFacebook@2x.png in Resources */ = {isa = PBXBuildFile; fileRef = 8B443E07157FC0F700095931 /* TabFacebook@2x.png */; };
		8B443E0C157FC10800095931 /* TabBasic.png in Resources */ = {isa = PBXBuildFile; fileRef = 8B443E0A157FC10800095931 /* TabBasic.png */; };
		8B443E0D157FC10800095931 /* TabBasic@2x.png in Resources */ = {isa = PBXBuildFile; fileRef = 8B443E0B157FC10800095931 /* TabBasic@2x.png */; };
		8B59C4E8157E2CA700532405 /* KNDefaultImage.png in Resources */ = {isa = PBXBuildFile; fileRef = 8B59C4E2157E2CA700532405 /* KNDefaultImage.png */; };
		8B59C4E9157E2CA700532405 /* KNDefaultImage@2x.png in Resources */ = {isa = PBXBuildFile; fileRef = 8B59C4E3157E2CA700532405 /* KNDefaultImage@2x.png */; };
		8B59C4EA157E2CA700532405 /* KNSelectorTip.png in Resources */ = {isa = PBXBuildFile; fileRef = 8B59C4E4157E2CA700532405 /* KNSelectorTip.png */; };
		8B59C4EB157E2CA700532405 /* KNSelectorTip@2x.png in Resources */ = {isa = PBXBuildFile; fileRef = 8B59C4E5157E2CA700532405 /* KNSelectorTip@2x.png */; };
		8B59C4EC157E2CA700532405 /* KNZoomIcon.png in Resources */ = {isa = PBXBuildFile; fileRef = 8B59C4E6157E2CA700532405 /* KNZoomIcon.png */; };
		8B59C4ED157E2CA700532405 /* KNZoomIcon@2x.png in Resources */ = {isa = PBXBuildFile; fileRef = 8B59C4E7157E2CA700532405 /* KNZoomIcon@2x.png */; };
		8B600DB815804C8200203F1B /* KNFBAboutViewController.m in Sources */ = {isa = PBXBuildFile; fileRef = 8B600DB615804C8200203F1B /* KNFBAboutViewController.m */; };
		8B600DB915804C8200203F1B /* KNFBAboutViewController.xib in Resources */ = {isa = PBXBuildFile; fileRef = 8B600DB715804C8200203F1B /* KNFBAboutViewController.xib */; };
		8B600DBD15804FAC00203F1B /* TabAbout.png in Resources */ = {isa = PBXBuildFile; fileRef = 8B600DBB15804FAC00203F1B /* TabAbout.png */; };
		8B600DBE15804FAC00203F1B /* TabAbout@2x.png in Resources */ = {isa = PBXBuildFile; fileRef = 8B600DBC15804FAC00203F1B /* TabAbout@2x.png */; };
		8B775EB7157C90A700112752 /* KNMultiItemSelector.m in Sources */ = {isa = PBXBuildFile; fileRef = 8B775EB6157C90A700112752 /* KNMultiItemSelector.m */; };
		8B775EBA157C926500112752 /* KNSelectorItem.m in Sources */ = {isa = PBXBuildFile; fileRef = 8B775EB9157C926500112752 /* KNSelectorItem.m */; };
		8BE7B1851577EDAF00BC7787 /* UIKit.framework in Frameworks */ = {isa = PBXBuildFile; fileRef = 8BE7B1841577EDAF00BC7787 /* UIKit.framework */; };
		8BE7B1871577EDAF00BC7787 /* Foundation.framework in Frameworks */ = {isa = PBXBuildFile; fileRef = 8BE7B1861577EDAF00BC7787 /* Foundation.framework */; };
		8BE7B1891577EDAF00BC7787 /* CoreGraphics.framework in Frameworks */ = {isa = PBXBuildFile; fileRef = 8BE7B1881577EDAF00BC7787 /* CoreGraphics.framework */; };
		8BE7B1911577EDAF00BC7787 /* main.m in Sources */ = {isa = PBXBuildFile; fileRef = 8BE7B1901577EDAF00BC7787 /* main.m */; };
		8BE7B1951577EDAF00BC7787 /* KNFBAppDelegate.m in Sources */ = {isa = PBXBuildFile; fileRef = 8BE7B1941577EDAF00BC7787 /* KNFBAppDelegate.m */; };
		8BE7B21B1577EEE400BC7787 /* ASIAuthenticationDialog.m in Sources */ = {isa = PBXBuildFile; fileRef = 8BE7B1C41577EEE400BC7787 /* ASIAuthenticationDialog.m */; settings = {COMPILER_FLAGS = "-fno-objc-arc"; }; };
		8BE7B21C1577EEE400BC7787 /* ASIDataCompressor.m in Sources */ = {isa = PBXBuildFile; fileRef = 8BE7B1C71577EEE400BC7787 /* ASIDataCompressor.m */; settings = {COMPILER_FLAGS = "-fno-objc-arc"; }; };
		8BE7B21D1577EEE400BC7787 /* ASIDataDecompressor.m in Sources */ = {isa = PBXBuildFile; fileRef = 8BE7B1C91577EEE400BC7787 /* ASIDataDecompressor.m */; settings = {COMPILER_FLAGS = "-fno-objc-arc"; }; };
		8BE7B21E1577EEE400BC7787 /* ASIDownloadCache.m in Sources */ = {isa = PBXBuildFile; fileRef = 8BE7B1CB1577EEE400BC7787 /* ASIDownloadCache.m */; settings = {COMPILER_FLAGS = "-fno-objc-arc"; }; };
		8BE7B21F1577EEE400BC7787 /* ASIFormDataRequest.m in Sources */ = {isa = PBXBuildFile; fileRef = 8BE7B1CD1577EEE400BC7787 /* ASIFormDataRequest.m */; settings = {COMPILER_FLAGS = "-fno-objc-arc"; }; };
		8BE7B2201577EEE400BC7787 /* ASIHTTPRequest.m in Sources */ = {isa = PBXBuildFile; fileRef = 8BE7B1CF1577EEE400BC7787 /* ASIHTTPRequest.m */; settings = {COMPILER_FLAGS = "-fno-objc-arc"; }; };
		8BE7B2211577EEE400BC7787 /* ASIInputStream.m in Sources */ = {isa = PBXBuildFile; fileRef = 8BE7B1D31577EEE400BC7787 /* ASIInputStream.m */; settings = {COMPILER_FLAGS = "-fno-objc-arc"; }; };
		8BE7B2221577EEE400BC7787 /* ASINetworkQueue.m in Sources */ = {isa = PBXBuildFile; fileRef = 8BE7B1D51577EEE400BC7787 /* ASINetworkQueue.m */; settings = {COMPILER_FLAGS = "-fno-objc-arc"; }; };
		8BE7B2241577EEE400BC7787 /* Reachability.m in Sources */ = {isa = PBXBuildFile; fileRef = 8BE7B1DA1577EEE400BC7787 /* Reachability.m */; settings = {COMPILER_FLAGS = "-fno-objc-arc"; }; };
		8BE7B2251577EEE400BC7787 /* FBDialog.bundle in Resources */ = {isa = PBXBuildFile; fileRef = 8BE7B1DE1577EEE400BC7787 /* FBDialog.bundle */; };
		8BE7B2261577EEE400BC7787 /* libfacebook_ios_sdk.a in Frameworks */ = {isa = PBXBuildFile; fileRef = 8BE7B1E41577EEE400BC7787 /* libfacebook_ios_sdk.a */; };
		8BE7B2271577EEE400BC7787 /* JSONKit.m in Sources */ = {isa = PBXBuildFile; fileRef = 8BE7B1ED1577EEE400BC7787 /* JSONKit.m */; settings = {COMPILER_FLAGS = "-fno-objc-arc"; }; };
		8BE7B2291577EEE400BC7787 /* UIViewAdditions.m in Sources */ = {isa = PBXBuildFile; fileRef = 8BE7B1F11577EEE400BC7787 /* UIViewAdditions.m */; };
		8BE7B22B1577EEE400BC7787 /* SDImageCache.m in Sources */ = {isa = PBXBuildFile; fileRef = 8BE7B1F51577EEE400BC7787 /* SDImageCache.m */; settings = {COMPILER_FLAGS = "-fno-objc-arc"; }; };
		8BE7B22C1577EEE400BC7787 /* SDWebImageDecoder.m in Sources */ = {isa = PBXBuildFile; fileRef = 8BE7B1F91577EEE400BC7787 /* SDWebImageDecoder.m */; settings = {COMPILER_FLAGS = "-fno-objc-arc"; }; };
		8BE7B22D1577EEE400BC7787 /* SDWebImageDownloader.m in Sources */ = {isa = PBXBuildFile; fileRef = 8BE7B1FB1577EEE400BC7787 /* SDWebImageDownloader.m */; settings = {COMPILER_FLAGS = "-fno-objc-arc"; }; };
		8BE7B22E1577EEE400BC7787 /* SDWebImageManager.m in Sources */ = {isa = PBXBuildFile; fileRef = 8BE7B1FE1577EEE400BC7787 /* SDWebImageManager.m */; settings = {COMPILER_FLAGS = "-fno-objc-arc"; }; };
		8BE7B22F1577EEE400BC7787 /* SDWebImagePrefetcher.m in Sources */ = {isa = PBXBuildFile; fileRef = 8BE7B2011577EEE400BC7787 /* SDWebImagePrefetcher.m */; settings = {COMPILER_FLAGS = "-fno-objc-arc"; }; };
		8BE7B2301577EEE400BC7787 /* UIButton+WebCache.m in Sources */ = {isa = PBXBuildFile; fileRef = 8BE7B2031577EEE400BC7787 /* UIButton+WebCache.m */; settings = {COMPILER_FLAGS = "-fno-objc-arc"; }; };
		8BE7B2311577EEE400BC7787 /* UIImageView+WebCache.m in Sources */ = {isa = PBXBuildFile; fileRef = 8BE7B2051577EEE400BC7787 /* UIImageView+WebCache.m */; settings = {COMPILER_FLAGS = "-fno-objc-arc"; }; };
		8BE7B2331577EEE400BC7787 /* SVProgressHUD.bundle in Resources */ = {isa = PBXBuildFile; fileRef = 8BE7B2081577EEE400BC7787 /* SVProgressHUD.bundle */; };
		8BE7B2341577EEE400BC7787 /* SVProgressHUD.m in Sources */ = {isa = PBXBuildFile; fileRef = 8BE7B20A1577EEE400BC7787 /* SVProgressHUD.m */; };
		8BE7B2371577EF4D00BC7787 /* CFNetwork.framework in Frameworks */ = {isa = PBXBuildFile; fileRef = 8BE7B2361577EF4D00BC7787 /* CFNetwork.framework */; };
		8BE7B2391577EF5300BC7787 /* SystemConfiguration.framework in Frameworks */ = {isa = PBXBuildFile; fileRef = 8BE7B2381577EF5300BC7787 /* SystemConfiguration.framework */; };
		8BE7B23B1577EF5800BC7787 /* MobileCoreServices.framework in Frameworks */ = {isa = PBXBuildFile; fileRef = 8BE7B23A1577EF5800BC7787 /* MobileCoreServices.framework */; };
		8BE7B23D1577EF9600BC7787 /* libz.dylib in Frameworks */ = {isa = PBXBuildFile; fileRef = 8BE7B23C1577EF9600BC7787 /* libz.dylib */; };
		8BE7B2411577F03000BC7787 /* ImageIO.framework in Frameworks */ = {isa = PBXBuildFile; fileRef = 8BE7B2401577F03000BC7787 /* ImageIO.framework */; };
/* End PBXBuildFile section */

/* Begin PBXFileReference section */
		8B2B6EE4157FD2990002B700 /* KNFBDemoFacebookController.h */ = {isa = PBXFileReference; fileEncoding = 4; lastKnownFileType = sourcecode.c.h; name = KNFBDemoFacebookController.h; path = Controllers/KNFBDemoFacebookController.h; sourceTree = "<group>"; };
		8B2B6EE5157FD2990002B700 /* KNFBDemoFacebookController.m */ = {isa = PBXFileReference; fileEncoding = 4; lastKnownFileType = sourcecode.c.objc; name = KNFBDemoFacebookController.m; path = Controllers/KNFBDemoFacebookController.m; sourceTree = "<group>"; };
		8B2B6EE6157FD2990002B700 /* KNFBDemoFacebookController.xib */ = {isa = PBXFileReference; fileEncoding = 4; lastKnownFileType = file.xib; name = KNFBDemoFacebookController.xib; path = Controllers/KNFBDemoFacebookController.xib; sourceTree = "<group>"; };
		8B2B6EE9157FD2B30002B700 /* KNFBIntroViewController.h */ = {isa = PBXFileReference; fileEncoding = 4; lastKnownFileType = sourcecode.c.h; name = KNFBIntroViewController.h; path = Controllers/KNFBIntroViewController.h; sourceTree = "<group>"; };
		8B2B6EEA157FD2B30002B700 /* KNFBIntroViewController.m */ = {isa = PBXFileReference; fileEncoding = 4; lastKnownFileType = sourcecode.c.objc; name = KNFBIntroViewController.m; path = Controllers/KNFBIntroViewController.m; sourceTree = "<group>"; };
		8B2B6EEB157FD2B30002B700 /* KNFBIntroViewController.xib */ = {isa = PBXFileReference; fileEncoding = 4; lastKnownFileType = file.xib; name = KNFBIntroViewController.xib; path = Controllers/KNFBIntroViewController.xib; sourceTree = "<group>"; };
		8B443DF4157FB59800095931 /* KNFBDemoBasicController.h */ = {isa = PBXFileReference; fileEncoding = 4; lastKnownFileType = sourcecode.c.h; name = KNFBDemoBasicController.h; path = Controllers/KNFBDemoBasicController.h; sourceTree = "<group>"; };
		8B443DF5157FB59800095931 /* KNFBDemoBasicController.m */ = {isa = PBXFileReference; fileEncoding = 4; lastKnownFileType = sourcecode.c.objc; name = KNFBDemoBasicController.m; path = Controllers/KNFBDemoBasicController.m; sourceTree = "<group>"; };
		8B443DF6157FB59800095931 /* KNFBDemoBasicController.xib */ = {isa = PBXFileReference; fileEncoding = 4; lastKnownFileType = file.xib; name = KNFBDemoBasicController.xib; path = Controllers/KNFBDemoBasicController.xib; sourceTree = "<group>"; };
		8B443DFA157FB6A400095931 /* KNButtonBG.png */ = {isa = PBXFileReference; lastKnownFileType = image.png; path = KNButtonBG.png; sourceTree = "<group>"; };
		8B443DFB157FB6A400095931 /* KNButtonBG@2x.png */ = {isa = PBXFileReference; lastKnownFileType = image.png; path = "KNButtonBG@2x.png"; sourceTree = "<group>"; };
		8B443DFE157FB6C300095931 /* LoginWithFacebookNormal.png */ = {isa = PBXFileReference; lastKnownFileType = image.png; path = LoginWithFacebookNormal.png; sourceTree = "<group>"; };
		8B443DFF157FB6C300095931 /* LoginWithFacebookNormal@2x.png */ = {isa = PBXFileReference; lastKnownFileType = image.png; path = "LoginWithFacebookNormal@2x.png"; sourceTree = "<group>"; };
		8B443E06157FC0F700095931 /* TabFacebook.png */ = {isa = PBXFileReference; lastKnownFileType = image.png; path = TabFacebook.png; sourceTree = "<group>"; };
		8B443E07157FC0F700095931 /* TabFacebook@2x.png */ = {isa = PBXFileReference; lastKnownFileType = image.png; path = "TabFacebook@2x.png"; sourceTree = "<group>"; };
		8B443E0A157FC10800095931 /* TabBasic.png */ = {isa = PBXFileReference; lastKnownFileType = image.png; path = TabBasic.png; sourceTree = "<group>"; };
		8B443E0B157FC10800095931 /* TabBasic@2x.png */ = {isa = PBXFileReference; lastKnownFileType = image.png; path = "TabBasic@2x.png"; sourceTree = "<group>"; };
		8B59C4E2157E2CA700532405 /* KNDefaultImage.png */ = {isa = PBXFileReference; lastKnownFileType = image.png; path = KNDefaultImage.png; sourceTree = "<group>"; };
		8B59C4E3157E2CA700532405 /* KNDefaultImage@2x.png */ = {isa = PBXFileReference; lastKnownFileType = image.png; path = "KNDefaultImage@2x.png"; sourceTree = "<group>"; };
		8B59C4E4157E2CA700532405 /* KNSelectorTip.png */ = {isa = PBXFileReference; lastKnownFileType = image.png; path = KNSelectorTip.png; sourceTree = "<group>"; };
		8B59C4E5157E2CA700532405 /* KNSelectorTip@2x.png */ = {isa = PBXFileReference; lastKnownFileType = image.png; path = "KNSelectorTip@2x.png"; sourceTree = "<group>"; };
		8B59C4E6157E2CA700532405 /* KNZoomIcon.png */ = {isa = PBXFileReference; lastKnownFileType = image.png; path = KNZoomIcon.png; sourceTree = "<group>"; };
		8B59C4E7157E2CA700532405 /* KNZoomIcon@2x.png */ = {isa = PBXFileReference; lastKnownFileType = image.png; path = "KNZoomIcon@2x.png"; sourceTree = "<group>"; };
		8B600DB515804C8200203F1B /* KNFBAboutViewController.h */ = {isa = PBXFileReference; fileEncoding = 4; lastKnownFileType = sourcecode.c.h; name = KNFBAboutViewController.h; path = Controllers/KNFBAboutViewController.h; sourceTree = "<group>"; };
		8B600DB615804C8200203F1B /* KNFBAboutViewController.m */ = {isa = PBXFileReference; fileEncoding = 4; lastKnownFileType = sourcecode.c.objc; name = KNFBAboutViewController.m; path = Controllers/KNFBAboutViewController.m; sourceTree = "<group>"; };
		8B600DB715804C8200203F1B /* KNFBAboutViewController.xib */ = {isa = PBXFileReference; fileEncoding = 4; lastKnownFileType = file.xib; name = KNFBAboutViewController.xib; path = Controllers/KNFBAboutViewController.xib; sourceTree = "<group>"; };
		8B600DBB15804FAC00203F1B /* TabAbout.png */ = {isa = PBXFileReference; lastKnownFileType = image.png; path = TabAbout.png; sourceTree = "<group>"; };
		8B600DBC15804FAC00203F1B /* TabAbout@2x.png */ = {isa = PBXFileReference; lastKnownFileType = image.png; path = "TabAbout@2x.png"; sourceTree = "<group>"; };
		8B775EB5157C90A700112752 /* KNMultiItemSelector.h */ = {isa = PBXFileReference; fileEncoding = 4; lastKnownFileType = sourcecode.c.h; path = KNMultiItemSelector.h; sourceTree = "<group>"; };
		8B775EB6157C90A700112752 /* KNMultiItemSelector.m */ = {isa = PBXFileReference; fileEncoding = 4; lastKnownFileType = sourcecode.c.objc; path = KNMultiItemSelector.m; sourceTree = "<group>"; };
		8B775EB8157C926500112752 /* KNSelectorItem.h */ = {isa = PBXFileReference; fileEncoding = 4; lastKnownFileType = sourcecode.c.h; path = KNSelectorItem.h; sourceTree = "<group>"; };
		8B775EB9157C926500112752 /* KNSelectorItem.m */ = {isa = PBXFileReference; fileEncoding = 4; lastKnownFileType = sourcecode.c.objc; path = KNSelectorItem.m; sourceTree = "<group>"; };
		8BE7B1801577EDAF00BC7787 /* KNFBFriendSelectorDemo.app */ = {isa = PBXFileReference; explicitFileType = wrapper.application; includeInIndex = 0; path = KNFBFriendSelectorDemo.app; sourceTree = BUILT_PRODUCTS_DIR; };
		8BE7B1841577EDAF00BC7787 /* UIKit.framework */ = {isa = PBXFileReference; lastKnownFileType = wrapper.framework; name = UIKit.framework; path = System/Library/Frameworks/UIKit.framework; sourceTree = SDKROOT; };
		8BE7B1861577EDAF00BC7787 /* Foundation.framework */ = {isa = PBXFileReference; lastKnownFileType = wrapper.framework; name = Foundation.framework; path = System/Library/Frameworks/Foundation.framework; sourceTree = SDKROOT; };
		8BE7B1881577EDAF00BC7787 /* CoreGraphics.framework */ = {isa = PBXFileReference; lastKnownFileType = wrapper.framework; name = CoreGraphics.framework; path = System/Library/Frameworks/CoreGraphics.framework; sourceTree = SDKROOT; };
		8BE7B18C1577EDAF00BC7787 /* KNFBFriendSelectorDemo-Info.plist */ = {isa = PBXFileReference; lastKnownFileType = text.plist.xml; path = "KNFBFriendSelectorDemo-Info.plist"; sourceTree = "<group>"; };
		8BE7B1901577EDAF00BC7787 /* main.m */ = {isa = PBXFileReference; lastKnownFileType = sourcecode.c.objc; path = main.m; sourceTree = "<group>"; };
		8BE7B1921577EDAF00BC7787 /* KNFBFriendSelectorDemo-Prefix.pch */ = {isa = PBXFileReference; lastKnownFileType = sourcecode.c.h; path = "KNFBFriendSelectorDemo-Prefix.pch"; sourceTree = "<group>"; };
		8BE7B1931577EDAF00BC7787 /* KNFBAppDelegate.h */ = {isa = PBXFileReference; lastKnownFileType = sourcecode.c.h; path = KNFBAppDelegate.h; sourceTree = "<group>"; };
		8BE7B1941577EDAF00BC7787 /* KNFBAppDelegate.m */ = {isa = PBXFileReference; lastKnownFileType = sourcecode.c.objc; path = KNFBAppDelegate.m; sourceTree = "<group>"; };
		8BE7B1C31577EEE400BC7787 /* ASIAuthenticationDialog.h */ = {isa = PBXFileReference; fileEncoding = 4; lastKnownFileType = sourcecode.c.h; path = ASIAuthenticationDialog.h; sourceTree = "<group>"; };
		8BE7B1C41577EEE400BC7787 /* ASIAuthenticationDialog.m */ = {isa = PBXFileReference; fileEncoding = 4; lastKnownFileType = sourcecode.c.objc; path = ASIAuthenticationDialog.m; sourceTree = "<group>"; };
		8BE7B1C51577EEE400BC7787 /* ASICacheDelegate.h */ = {isa = PBXFileReference; fileEncoding = 4; lastKnownFileType = sourcecode.c.h; path = ASICacheDelegate.h; sourceTree = "<group>"; };
		8BE7B1C61577EEE400BC7787 /* ASIDataCompressor.h */ = {isa = PBXFileReference; fileEncoding = 4; lastKnownFileType = sourcecode.c.h; path = ASIDataCompressor.h; sourceTree = "<group>"; };
		8BE7B1C71577EEE400BC7787 /* ASIDataCompressor.m */ = {isa = PBXFileReference; fileEncoding = 4; lastKnownFileType = sourcecode.c.objc; path = ASIDataCompressor.m; sourceTree = "<group>"; };
		8BE7B1C81577EEE400BC7787 /* ASIDataDecompressor.h */ = {isa = PBXFileReference; fileEncoding = 4; lastKnownFileType = sourcecode.c.h; path = ASIDataDecompressor.h; sourceTree = "<group>"; };
		8BE7B1C91577EEE400BC7787 /* ASIDataDecompressor.m */ = {isa = PBXFileReference; fileEncoding = 4; lastKnownFileType = sourcecode.c.objc; path = ASIDataDecompressor.m; sourceTree = "<group>"; };
		8BE7B1CA1577EEE400BC7787 /* ASIDownloadCache.h */ = {isa = PBXFileReference; fileEncoding = 4; lastKnownFileType = sourcecode.c.h; path = ASIDownloadCache.h; sourceTree = "<group>"; };
		8BE7B1CB1577EEE400BC7787 /* ASIDownloadCache.m */ = {isa = PBXFileReference; fileEncoding = 4; lastKnownFileType = sourcecode.c.objc; path = ASIDownloadCache.m; sourceTree = "<group>"; };
		8BE7B1CC1577EEE400BC7787 /* ASIFormDataRequest.h */ = {isa = PBXFileReference; fileEncoding = 4; lastKnownFileType = sourcecode.c.h; path = ASIFormDataRequest.h; sourceTree = "<group>"; };
		8BE7B1CD1577EEE400BC7787 /* ASIFormDataRequest.m */ = {isa = PBXFileReference; fileEncoding = 4; lastKnownFileType = sourcecode.c.objc; path = ASIFormDataRequest.m; sourceTree = "<group>"; };
		8BE7B1CE1577EEE400BC7787 /* ASIHTTPRequest.h */ = {isa = PBXFileReference; fileEncoding = 4; lastKnownFileType = sourcecode.c.h; path = ASIHTTPRequest.h; sourceTree = "<group>"; };
		8BE7B1CF1577EEE400BC7787 /* ASIHTTPRequest.m */ = {isa = PBXFileReference; fileEncoding = 4; lastKnownFileType = sourcecode.c.objc; path = ASIHTTPRequest.m; sourceTree = "<group>"; };
		8BE7B1D01577EEE400BC7787 /* ASIHTTPRequestConfig.h */ = {isa = PBXFileReference; fileEncoding = 4; lastKnownFileType = sourcecode.c.h; path = ASIHTTPRequestConfig.h; sourceTree = "<group>"; };
		8BE7B1D11577EEE400BC7787 /* ASIHTTPRequestDelegate.h */ = {isa = PBXFileReference; fileEncoding = 4; lastKnownFileType = sourcecode.c.h; path = ASIHTTPRequestDelegate.h; sourceTree = "<group>"; };
		8BE7B1D21577EEE400BC7787 /* ASIInputStream.h */ = {isa = PBXFileReference; fileEncoding = 4; lastKnownFileType = sourcecode.c.h; path = ASIInputStream.h; sourceTree = "<group>"; };
		8BE7B1D31577EEE400BC7787 /* ASIInputStream.m */ = {isa = PBXFileReference; fileEncoding = 4; lastKnownFileType = sourcecode.c.objc; path = ASIInputStream.m; sourceTree = "<group>"; };
		8BE7B1D41577EEE400BC7787 /* ASINetworkQueue.h */ = {isa = PBXFileReference; fileEncoding = 4; lastKnownFileType = sourcecode.c.h; path = ASINetworkQueue.h; sourceTree = "<group>"; };
		8BE7B1D51577EEE400BC7787 /* ASINetworkQueue.m */ = {isa = PBXFileReference; fileEncoding = 4; lastKnownFileType = sourcecode.c.objc; path = ASINetworkQueue.m; sourceTree = "<group>"; };
		8BE7B1D61577EEE400BC7787 /* ASIProgressDelegate.h */ = {isa = PBXFileReference; fileEncoding = 4; lastKnownFileType = sourcecode.c.h; path = ASIProgressDelegate.h; sourceTree = "<group>"; };
		8BE7B1D91577EEE400BC7787 /* Reachability.h */ = {isa = PBXFileReference; fileEncoding = 4; lastKnownFileType = sourcecode.c.h; path = Reachability.h; sourceTree = "<group>"; };
		8BE7B1DA1577EEE400BC7787 /* Reachability.m */ = {isa = PBXFileReference; fileEncoding = 4; lastKnownFileType = sourcecode.c.objc; path = Reachability.m; sourceTree = "<group>"; };
		8BE7B1DC1577EEE400BC7787 /* Facebook.h */ = {isa = PBXFileReference; fileEncoding = 4; lastKnownFileType = sourcecode.c.h; path = Facebook.h; sourceTree = "<group>"; };
		8BE7B1DD1577EEE400BC7787 /* FBConnect.h */ = {isa = PBXFileReference; fileEncoding = 4; lastKnownFileType = sourcecode.c.h; path = FBConnect.h; sourceTree = "<group>"; };
		8BE7B1DE1577EEE400BC7787 /* FBDialog.bundle */ = {isa = PBXFileReference; lastKnownFileType = "wrapper.plug-in"; path = FBDialog.bundle; sourceTree = "<group>"; };
		8BE7B1DF1577EEE400BC7787 /* FBDialog.h */ = {isa = PBXFileReference; fileEncoding = 4; lastKnownFileType = sourcecode.c.h; path = FBDialog.h; sourceTree = "<group>"; };
		8BE7B1E01577EEE400BC7787 /* FBFrictionlessRequestSettings.h */ = {isa = PBXFileReference; fileEncoding = 4; lastKnownFileType = sourcecode.c.h; path = FBFrictionlessRequestSettings.h; sourceTree = "<group>"; };
		8BE7B1E11577EEE400BC7787 /* FBLoginDialog.h */ = {isa = PBXFileReference; fileEncoding = 4; lastKnownFileType = sourcecode.c.h; path = FBLoginDialog.h; sourceTree = "<group>"; };
		8BE7B1E21577EEE400BC7787 /* FBRequest.h */ = {isa = PBXFileReference; fileEncoding = 4; lastKnownFileType = sourcecode.c.h; path = FBRequest.h; sourceTree = "<group>"; };
		8BE7B1E31577EEE400BC7787 /* JSON.h */ = {isa = PBXFileReference; fileEncoding = 4; lastKnownFileType = sourcecode.c.h; path = JSON.h; sourceTree = "<group>"; };
		8BE7B1E41577EEE400BC7787 /* libfacebook_ios_sdk.a */ = {isa = PBXFileReference; lastKnownFileType = archive.ar; path = libfacebook_ios_sdk.a; sourceTree = "<group>"; };
		8BE7B1E51577EEE400BC7787 /* NSObject+SBJSON.h */ = {isa = PBXFileReference; fileEncoding = 4; lastKnownFileType = sourcecode.c.h; path = "NSObject+SBJSON.h"; sourceTree = "<group>"; };
		8BE7B1E61577EEE400BC7787 /* NSString+SBJSON.h */ = {isa = PBXFileReference; fileEncoding = 4; lastKnownFileType = sourcecode.c.h; path = "NSString+SBJSON.h"; sourceTree = "<group>"; };
		8BE7B1E71577EEE400BC7787 /* SBJSON.h */ = {isa = PBXFileReference; fileEncoding = 4; lastKnownFileType = sourcecode.c.h; path = SBJSON.h; sourceTree = "<group>"; };
		8BE7B1E81577EEE400BC7787 /* SBJsonBase.h */ = {isa = PBXFileReference; fileEncoding = 4; lastKnownFileType = sourcecode.c.h; path = SBJsonBase.h; sourceTree = "<group>"; };
		8BE7B1E91577EEE400BC7787 /* SBJsonParser.h */ = {isa = PBXFileReference; fileEncoding = 4; lastKnownFileType = sourcecode.c.h; path = SBJsonParser.h; sourceTree = "<group>"; };
		8BE7B1EA1577EEE400BC7787 /* SBJsonWriter.h */ = {isa = PBXFileReference; fileEncoding = 4; lastKnownFileType = sourcecode.c.h; path = SBJsonWriter.h; sourceTree = "<group>"; };
		8BE7B1EC1577EEE400BC7787 /* JSONKit.h */ = {isa = PBXFileReference; fileEncoding = 4; lastKnownFileType = sourcecode.c.h; path = JSONKit.h; sourceTree = "<group>"; };
		8BE7B1ED1577EEE400BC7787 /* JSONKit.m */ = {isa = PBXFileReference; fileEncoding = 4; lastKnownFileType = sourcecode.c.objc; path = JSONKit.m; sourceTree = "<group>"; };
		8BE7B1F01577EEE400BC7787 /* UIViewAdditions.h */ = {isa = PBXFileReference; fileEncoding = 4; lastKnownFileType = sourcecode.c.h; path = UIViewAdditions.h; sourceTree = "<group>"; };
		8BE7B1F11577EEE400BC7787 /* UIViewAdditions.m */ = {isa = PBXFileReference; fileEncoding = 4; lastKnownFileType = sourcecode.c.objc; path = UIViewAdditions.m; sourceTree = "<group>"; };
		8BE7B1F41577EEE400BC7787 /* SDImageCache.h */ = {isa = PBXFileReference; fileEncoding = 4; lastKnownFileType = sourcecode.c.h; path = SDImageCache.h; sourceTree = "<group>"; };
		8BE7B1F51577EEE400BC7787 /* SDImageCache.m */ = {isa = PBXFileReference; fileEncoding = 4; lastKnownFileType = sourcecode.c.objc; path = SDImageCache.m; sourceTree = "<group>"; };
		8BE7B1F61577EEE400BC7787 /* SDImageCacheDelegate.h */ = {isa = PBXFileReference; fileEncoding = 4; lastKnownFileType = sourcecode.c.h; path = SDImageCacheDelegate.h; sourceTree = "<group>"; };
		8BE7B1F71577EEE400BC7787 /* SDWebImageCompat.h */ = {isa = PBXFileReference; fileEncoding = 4; lastKnownFileType = sourcecode.c.h; path = SDWebImageCompat.h; sourceTree = "<group>"; };
		8BE7B1F81577EEE400BC7787 /* SDWebImageDecoder.h */ = {isa = PBXFileReference; fileEncoding = 4; lastKnownFileType = sourcecode.c.h; path = SDWebImageDecoder.h; sourceTree = "<group>"; };
		8BE7B1F91577EEE400BC7787 /* SDWebImageDecoder.m */ = {isa = PBXFileReference; fileEncoding = 4; lastKnownFileType = sourcecode.c.objc; path = SDWebImageDecoder.m; sourceTree = "<group>"; };
		8BE7B1FA1577EEE400BC7787 /* SDWebImageDownloader.h */ = {isa = PBXFileReference; fileEncoding = 4; lastKnownFileType = sourcecode.c.h; path = SDWebImageDownloader.h; sourceTree = "<group>"; };
		8BE7B1FB1577EEE400BC7787 /* SDWebImageDownloader.m */ = {isa = PBXFileReference; fileEncoding = 4; lastKnownFileType = sourcecode.c.objc; path = SDWebImageDownloader.m; sourceTree = "<group>"; };
		8BE7B1FC1577EEE400BC7787 /* SDWebImageDownloaderDelegate.h */ = {isa = PBXFileReference; fileEncoding = 4; lastKnownFileType = sourcecode.c.h; path = SDWebImageDownloaderDelegate.h; sourceTree = "<group>"; };
		8BE7B1FD1577EEE400BC7787 /* SDWebImageManager.h */ = {isa = PBXFileReference; fileEncoding = 4; lastKnownFileType = sourcecode.c.h; path = SDWebImageManager.h; sourceTree = "<group>"; };
		8BE7B1FE1577EEE400BC7787 /* SDWebImageManager.m */ = {isa = PBXFileReference; fileEncoding = 4; lastKnownFileType = sourcecode.c.objc; path = SDWebImageManager.m; sourceTree = "<group>"; };
		8BE7B1FF1577EEE400BC7787 /* SDWebImageManagerDelegate.h */ = {isa = PBXFileReference; fileEncoding = 4; lastKnownFileType = sourcecode.c.h; path = SDWebImageManagerDelegate.h; sourceTree = "<group>"; };
		8BE7B2001577EEE400BC7787 /* SDWebImagePrefetcher.h */ = {isa = PBXFileReference; fileEncoding = 4; lastKnownFileType = sourcecode.c.h; path = SDWebImagePrefetcher.h; sourceTree = "<group>"; };
		8BE7B2011577EEE400BC7787 /* SDWebImagePrefetcher.m */ = {isa = PBXFileReference; fileEncoding = 4; lastKnownFileType = sourcecode.c.objc; path = SDWebImagePrefetcher.m; sourceTree = "<group>"; };
		8BE7B2021577EEE400BC7787 /* UIButton+WebCache.h */ = {isa = PBXFileReference; fileEncoding = 4; lastKnownFileType = sourcecode.c.h; path = "UIButton+WebCache.h"; sourceTree = "<group>"; };
		8BE7B2031577EEE400BC7787 /* UIButton+WebCache.m */ = {isa = PBXFileReference; fileEncoding = 4; lastKnownFileType = sourcecode.c.objc; path = "UIButton+WebCache.m"; sourceTree = "<group>"; };
		8BE7B2041577EEE400BC7787 /* UIImageView+WebCache.h */ = {isa = PBXFileReference; fileEncoding = 4; lastKnownFileType = sourcecode.c.h; path = "UIImageView+WebCache.h"; sourceTree = "<group>"; };
		8BE7B2051577EEE400BC7787 /* UIImageView+WebCache.m */ = {isa = PBXFileReference; fileEncoding = 4; lastKnownFileType = sourcecode.c.objc; path = "UIImageView+WebCache.m"; sourceTree = "<group>"; };
		8BE7B2081577EEE400BC7787 /* SVProgressHUD.bundle */ = {isa = PBXFileReference; lastKnownFileType = "wrapper.plug-in"; path = SVProgressHUD.bundle; sourceTree = "<group>"; };
		8BE7B2091577EEE400BC7787 /* SVProgressHUD.h */ = {isa = PBXFileReference; fileEncoding = 4; lastKnownFileType = sourcecode.c.h; path = SVProgressHUD.h; sourceTree = "<group>"; };
		8BE7B20A1577EEE400BC7787 /* SVProgressHUD.m */ = {isa = PBXFileReference; fileEncoding = 4; lastKnownFileType = sourcecode.c.objc; path = SVProgressHUD.m; sourceTree = "<group>"; };
		8BE7B2361577EF4D00BC7787 /* CFNetwork.framework */ = {isa = PBXFileReference; lastKnownFileType = wrapper.framework; name = CFNetwork.framework; path = System/Library/Frameworks/CFNetwork.framework; sourceTree = SDKROOT; };
		8BE7B2381577EF5300BC7787 /* SystemConfiguration.framework */ = {isa = PBXFileReference; lastKnownFileType = wrapper.framework; name = SystemConfiguration.framework; path = System/Library/Frameworks/SystemConfiguration.framework; sourceTree = SDKROOT; };
		8BE7B23A1577EF5800BC7787 /* MobileCoreServices.framework */ = {isa = PBXFileReference; lastKnownFileType = wrapper.framework; name = MobileCoreServices.framework; path = System/Library/Frameworks/MobileCoreServices.framework; sourceTree = SDKROOT; };
		8BE7B23C1577EF9600BC7787 /* libz.dylib */ = {isa = PBXFileReference; lastKnownFileType = "compiled.mach-o.dylib"; name = libz.dylib; path = usr/lib/libz.dylib; sourceTree = SDKROOT; };
		8BE7B2401577F03000BC7787 /* ImageIO.framework */ = {isa = PBXFileReference; lastKnownFileType = wrapper.framework; name = ImageIO.framework; path = System/Library/Frameworks/ImageIO.framework; sourceTree = SDKROOT; };
/* End PBXFileReference section */

/* Begin PBXFrameworksBuildPhase section */
		8BE7B17D1577EDAF00BC7787 /* Frameworks */ = {
			isa = PBXFrameworksBuildPhase;
			buildActionMask = 2147483647;
			files = (
				8BE7B2411577F03000BC7787 /* ImageIO.framework in Frameworks */,
				8BE7B23B1577EF5800BC7787 /* MobileCoreServices.framework in Frameworks */,
				8BE7B2391577EF5300BC7787 /* SystemConfiguration.framework in Frameworks */,
				8BE7B2371577EF4D00BC7787 /* CFNetwork.framework in Frameworks */,
				8BE7B1851577EDAF00BC7787 /* UIKit.framework in Frameworks */,
				8BE7B1871577EDAF00BC7787 /* Foundation.framework in Frameworks */,
				8BE7B1891577EDAF00BC7787 /* CoreGraphics.framework in Frameworks */,
				8BE7B23D1577EF9600BC7787 /* libz.dylib in Frameworks */,
				8BE7B2261577EEE400BC7787 /* libfacebook_ios_sdk.a in Frameworks */,
			);
			runOnlyForDeploymentPostprocessing = 0;
		};
/* End PBXFrameworksBuildPhase section */

/* Begin PBXGroup section */
		8B59C4E1157E2CA700532405 /* Images */ = {
			isa = PBXGroup;
			children = (
				8B59C4E2157E2CA700532405 /* KNDefaultImage.png */,
				8B59C4E3157E2CA700532405 /* KNDefaultImage@2x.png */,
				8B59C4E4157E2CA700532405 /* KNSelectorTip.png */,
				8B59C4E5157E2CA700532405 /* KNSelectorTip@2x.png */,
				8B59C4E6157E2CA700532405 /* KNZoomIcon.png */,
				8B59C4E7157E2CA700532405 /* KNZoomIcon@2x.png */,
			);
			path = Images;
			sourceTree = "<group>";
		};
		8B775EB3157C907200112752 /* KNMultiItemSelector */ = {
			isa = PBXGroup;
			children = (
				8B59C4E1157E2CA700532405 /* Images */,
				8B775EB8157C926500112752 /* KNSelectorItem.h */,
				8B775EB9157C926500112752 /* KNSelectorItem.m */,
				8B775EB5157C90A700112752 /* KNMultiItemSelector.h */,
				8B775EB6157C90A700112752 /* KNMultiItemSelector.m */,
			);
			path = KNMultiItemSelector;
			sourceTree = SOURCE_ROOT;
		};
		8BE7B1751577EDAF00BC7787 = {
			isa = PBXGroup;
			children = (
				8BE7B18A1577EDAF00BC7787 /* KNFBFriendSelectorDemo */,
				8BE7B1C11577EEE400BC7787 /* Libraries */,
				8BE7B1831577EDAF00BC7787 /* Frameworks */,
				8BE7B1811577EDAF00BC7787 /* Products */,
			);
			sourceTree = "<group>";
		};
		8BE7B1811577EDAF00BC7787 /* Products */ = {
			isa = PBXGroup;
			children = (
				8BE7B1801577EDAF00BC7787 /* KNFBFriendSelectorDemo.app */,
			);
			name = Products;
			sourceTree = "<group>";
		};
		8BE7B1831577EDAF00BC7787 /* Frameworks */ = {
			isa = PBXGroup;
			children = (
				8BE7B23C1577EF9600BC7787 /* libz.dylib */,
				8BE7B2401577F03000BC7787 /* ImageIO.framework */,
				8BE7B23A1577EF5800BC7787 /* MobileCoreServices.framework */,
				8BE7B2381577EF5300BC7787 /* SystemConfiguration.framework */,
				8BE7B2361577EF4D00BC7787 /* CFNetwork.framework */,
				8BE7B1841577EDAF00BC7787 /* UIKit.framework */,
				8BE7B1861577EDAF00BC7787 /* Foundation.framework */,
				8BE7B1881577EDAF00BC7787 /* CoreGraphics.framework */,
			);
			name = Frameworks;
			sourceTree = "<group>";
		};
		8BE7B18A1577EDAF00BC7787 /* KNFBFriendSelectorDemo */ = {
			isa = PBXGroup;
			children = (
				8BE7B1931577EDAF00BC7787 /* KNFBAppDelegate.h */,
				8BE7B1941577EDAF00BC7787 /* KNFBAppDelegate.m */,
				8BE7B1AF1577EEE400BC7787 /* Images */,
				8BE7B2351577EEEB00BC7787 /* ViewControllers */,
				8BE7B18B1577EDAF00BC7787 /* Supporting Files */,
			);
			path = KNFBFriendSelectorDemo;
			sourceTree = "<group>";
		};
		8BE7B18B1577EDAF00BC7787 /* Supporting Files */ = {
			isa = PBXGroup;
			children = (
				8BE7B1901577EDAF00BC7787 /* main.m */,
				8BE7B18C1577EDAF00BC7787 /* KNFBFriendSelectorDemo-Info.plist */,
				8BE7B1921577EDAF00BC7787 /* KNFBFriendSelectorDemo-Prefix.pch */,
			);
			name = "Supporting Files";
			sourceTree = "<group>";
		};
		8BE7B1AF1577EEE400BC7787 /* Images */ = {
			isa = PBXGroup;
			children = (
				8B443DFE157FB6C300095931 /* LoginWithFacebookNormal.png */,
				8B443DFF157FB6C300095931 /* LoginWithFacebookNormal@2x.png */,
				8B443DFA157FB6A400095931 /* KNButtonBG.png */,
				8B443DFB157FB6A400095931 /* KNButtonBG@2x.png */,
				8B443E0A157FC10800095931 /* TabBasic.png */,
				8B443E0B157FC10800095931 /* TabBasic@2x.png */,
				8B443E06157FC0F700095931 /* TabFacebook.png */,
				8B443E07157FC0F700095931 /* TabFacebook@2x.png */,
				8B600DBB15804FAC00203F1B /* TabAbout.png */,
				8B600DBC15804FAC00203F1B /* TabAbout@2x.png */,
			);
			path = Images;
			sourceTree = "<group>";
		};
		8BE7B1C11577EEE400BC7787 /* Libraries */ = {
			isa = PBXGroup;
			children = (
				8B775EB3157C907200112752 /* KNMultiItemSelector */,
				8BE7B1C21577EEE400BC7787 /* ASIHTTPRequest */,
				8BE7B1DB1577EEE400BC7787 /* facebook-ios-sdk */,
				8BE7B1EB1577EEE400BC7787 /* JSONKit */,
				8BE7B1EF1577EEE400BC7787 /* KNAdditions */,
				8BE7B1F21577EEE400BC7787 /* SDWebImage */,
				8BE7B2061577EEE400BC7787 /* SVProgressHUD */,
			);
			name = Libraries;
			path = KNFBFriendSelectorDemo/Libraries;
			sourceTree = "<group>";
		};
		8BE7B1C21577EEE400BC7787 /* ASIHTTPRequest */ = {
			isa = PBXGroup;
			children = (
				8BE7B1C31577EEE400BC7787 /* ASIAuthenticationDialog.h */,
				8BE7B1C41577EEE400BC7787 /* ASIAuthenticationDialog.m */,
				8BE7B1C51577EEE400BC7787 /* ASICacheDelegate.h */,
				8BE7B1C61577EEE400BC7787 /* ASIDataCompressor.h */,
				8BE7B1C71577EEE400BC7787 /* ASIDataCompressor.m */,
				8BE7B1C81577EEE400BC7787 /* ASIDataDecompressor.h */,
				8BE7B1C91577EEE400BC7787 /* ASIDataDecompressor.m */,
				8BE7B1CA1577EEE400BC7787 /* ASIDownloadCache.h */,
				8BE7B1CB1577EEE400BC7787 /* ASIDownloadCache.m */,
				8BE7B1CC1577EEE400BC7787 /* ASIFormDataRequest.h */,
				8BE7B1CD1577EEE400BC7787 /* ASIFormDataRequest.m */,
				8BE7B1CE1577EEE400BC7787 /* ASIHTTPRequest.h */,
				8BE7B1CF1577EEE400BC7787 /* ASIHTTPRequest.m */,
				8BE7B1D01577EEE400BC7787 /* ASIHTTPRequestConfig.h */,
				8BE7B1D11577EEE400BC7787 /* ASIHTTPRequestDelegate.h */,
				8BE7B1D21577EEE400BC7787 /* ASIInputStream.h */,
				8BE7B1D31577EEE400BC7787 /* ASIInputStream.m */,
				8BE7B1D41577EEE400BC7787 /* ASINetworkQueue.h */,
				8BE7B1D51577EEE400BC7787 /* ASINetworkQueue.m */,
				8BE7B1D61577EEE400BC7787 /* ASIProgressDelegate.h */,
				8BE7B1D81577EEE400BC7787 /* Reachability */,
			);
			path = ASIHTTPRequest;
			sourceTree = "<group>";
		};
		8BE7B1D81577EEE400BC7787 /* Reachability */ = {
			isa = PBXGroup;
			children = (
				8BE7B1D91577EEE400BC7787 /* Reachability.h */,
				8BE7B1DA1577EEE400BC7787 /* Reachability.m */,
			);
			path = Reachability;
			sourceTree = "<group>";
		};
		8BE7B1DB1577EEE400BC7787 /* facebook-ios-sdk */ = {
			isa = PBXGroup;
			children = (
				8BE7B1DC1577EEE400BC7787 /* Facebook.h */,
				8BE7B1DD1577EEE400BC7787 /* FBConnect.h */,
				8BE7B1DE1577EEE400BC7787 /* FBDialog.bundle */,
				8BE7B1DF1577EEE400BC7787 /* FBDialog.h */,
				8BE7B1E01577EEE400BC7787 /* FBFrictionlessRequestSettings.h */,
				8BE7B1E11577EEE400BC7787 /* FBLoginDialog.h */,
				8BE7B1E21577EEE400BC7787 /* FBRequest.h */,
				8BE7B1E31577EEE400BC7787 /* JSON.h */,
				8BE7B1E41577EEE400BC7787 /* libfacebook_ios_sdk.a */,
				8BE7B1E51577EEE400BC7787 /* NSObject+SBJSON.h */,
				8BE7B1E61577EEE400BC7787 /* NSString+SBJSON.h */,
				8BE7B1E71577EEE400BC7787 /* SBJSON.h */,
				8BE7B1E81577EEE400BC7787 /* SBJsonBase.h */,
				8BE7B1E91577EEE400BC7787 /* SBJsonParser.h */,
				8BE7B1EA1577EEE400BC7787 /* SBJsonWriter.h */,
			);
			path = "facebook-ios-sdk";
			sourceTree = "<group>";
		};
		8BE7B1EB1577EEE400BC7787 /* JSONKit */ = {
			isa = PBXGroup;
			children = (
				8BE7B1EC1577EEE400BC7787 /* JSONKit.h */,
				8BE7B1ED1577EEE400BC7787 /* JSONKit.m */,
			);
			path = JSONKit;
			sourceTree = "<group>";
		};
		8BE7B1EF1577EEE400BC7787 /* KNAdditions */ = {
			isa = PBXGroup;
			children = (
				8BE7B1F01577EEE400BC7787 /* UIViewAdditions.h */,
				8BE7B1F11577EEE400BC7787 /* UIViewAdditions.m */,
			);
			path = KNAdditions;
			sourceTree = "<group>";
		};
		8BE7B1F21577EEE400BC7787 /* SDWebImage */ = {
			isa = PBXGroup;
			children = (
				8BE7B1F41577EEE400BC7787 /* SDImageCache.h */,
				8BE7B1F51577EEE400BC7787 /* SDImageCache.m */,
				8BE7B1F61577EEE400BC7787 /* SDImageCacheDelegate.h */,
				8BE7B1F71577EEE400BC7787 /* SDWebImageCompat.h */,
				8BE7B1F81577EEE400BC7787 /* SDWebImageDecoder.h */,
				8BE7B1F91577EEE400BC7787 /* SDWebImageDecoder.m */,
				8BE7B1FA1577EEE400BC7787 /* SDWebImageDownloader.h */,
				8BE7B1FB1577EEE400BC7787 /* SDWebImageDownloader.m */,
				8BE7B1FC1577EEE400BC7787 /* SDWebImageDownloaderDelegate.h */,
				8BE7B1FD1577EEE400BC7787 /* SDWebImageManager.h */,
				8BE7B1FE1577EEE400BC7787 /* SDWebImageManager.m */,
				8BE7B1FF1577EEE400BC7787 /* SDWebImageManagerDelegate.h */,
				8BE7B2001577EEE400BC7787 /* SDWebImagePrefetcher.h */,
				8BE7B2011577EEE400BC7787 /* SDWebImagePrefetcher.m */,
				8BE7B2021577EEE400BC7787 /* UIButton+WebCache.h */,
				8BE7B2031577EEE400BC7787 /* UIButton+WebCache.m */,
				8BE7B2041577EEE400BC7787 /* UIImageView+WebCache.h */,
				8BE7B2051577EEE400BC7787 /* UIImageView+WebCache.m */,
			);
			path = SDWebImage;
			sourceTree = "<group>";
		};
		8BE7B2061577EEE400BC7787 /* SVProgressHUD */ = {
			isa = PBXGroup;
			children = (
				8BE7B2081577EEE400BC7787 /* SVProgressHUD.bundle */,
				8BE7B2091577EEE400BC7787 /* SVProgressHUD.h */,
				8BE7B20A1577EEE400BC7787 /* SVProgressHUD.m */,
			);
			path = SVProgressHUD;
			sourceTree = "<group>";
		};
		8BE7B2351577EEEB00BC7787 /* ViewControllers */ = {
			isa = PBXGroup;
			children = (
				8B2B6EE9157FD2B30002B700 /* KNFBIntroViewController.h */,
				8B2B6EEA157FD2B30002B700 /* KNFBIntroViewController.m */,
				8B2B6EEB157FD2B30002B700 /* KNFBIntroViewController.xib */,
				8B443DF4157FB59800095931 /* KNFBDemoBasicController.h */,
				8B443DF5157FB59800095931 /* KNFBDemoBasicController.m */,
				8B443DF6157FB59800095931 /* KNFBDemoBasicController.xib */,
				8B2B6EE4157FD2990002B700 /* KNFBDemoFacebookController.h */,
				8B2B6EE5157FD2990002B700 /* KNFBDemoFacebookController.m */,
				8B2B6EE6157FD2990002B700 /* KNFBDemoFacebookController.xib */,
				8B600DB515804C8200203F1B /* KNFBAboutViewController.h */,
				8B600DB615804C8200203F1B /* KNFBAboutViewController.m */,
				8B600DB715804C8200203F1B /* KNFBAboutViewController.xib */,
			);
			name = ViewControllers;
			sourceTree = "<group>";
		};
/* End PBXGroup section */

/* Begin PBXNativeTarget section */
		8BE7B17F1577EDAF00BC7787 /* KNFBFriendSelectorDemo */ = {
			isa = PBXNativeTarget;
			buildConfigurationList = 8BE7B1AC1577EDAF00BC7787 /* Build configuration list for PBXNativeTarget "KNFBFriendSelectorDemo" */;
			buildPhases = (
				8BE7B17C1577EDAF00BC7787 /* Sources */,
				8BE7B17D1577EDAF00BC7787 /* Frameworks */,
				8BE7B17E1577EDAF00BC7787 /* Resources */,
			);
			buildRules = (
			);
			dependencies = (
			);
			name = KNFBFriendSelectorDemo;
			productName = KNFBFriendSelectorDemo;
			productReference = 8BE7B1801577EDAF00BC7787 /* KNFBFriendSelectorDemo.app */;
			productType = "com.apple.product-type.application";
		};
/* End PBXNativeTarget section */

/* Begin PBXProject section */
		8BE7B1771577EDAF00BC7787 /* Project object */ = {
			isa = PBXProject;
			attributes = {
				CLASSPREFIX = KNFB;
				LastUpgradeCheck = 0430;
				ORGANIZATIONNAME = "Kent Nguyen";
			};
			buildConfigurationList = 8BE7B17A1577EDAF00BC7787 /* Build configuration list for PBXProject "KNFBFriendSelectorDemo" */;
			compatibilityVersion = "Xcode 3.2";
			developmentRegion = English;
			hasScannedForEncodings = 0;
			knownRegions = (
				en,
			);
			mainGroup = 8BE7B1751577EDAF00BC7787;
			productRefGroup = 8BE7B1811577EDAF00BC7787 /* Products */;
			projectDirPath = "";
			projectRoot = "";
			targets = (
				8BE7B17F1577EDAF00BC7787 /* KNFBFriendSelectorDemo */,
			);
		};
/* End PBXProject section */

/* Begin PBXResourcesBuildPhase section */
		8BE7B17E1577EDAF00BC7787 /* Resources */ = {
			isa = PBXResourcesBuildPhase;
			buildActionMask = 2147483647;
			files = (
				8BE7B2251577EEE400BC7787 /* FBDialog.bundle in Resources */,
				8BE7B2331577EEE400BC7787 /* SVProgressHUD.bundle in Resources */,
				8B59C4E8157E2CA700532405 /* KNDefaultImage.png in Resources */,
				8B59C4E9157E2CA700532405 /* KNDefaultImage@2x.png in Resources */,
				8B59C4EA157E2CA700532405 /* KNSelectorTip.png in Resources */,
				8B59C4EB157E2CA700532405 /* KNSelectorTip@2x.png in Resources */,
				8B59C4EC157E2CA700532405 /* KNZoomIcon.png in Resources */,
				8B59C4ED157E2CA700532405 /* KNZoomIcon@2x.png in Resources */,
				8B443DFC157FB6A400095931 /* KNButtonBG.png in Resources */,
				8B443DFD157FB6A400095931 /* KNButtonBG@2x.png in Resources */,
				8B443E00157FB6C300095931 /* LoginWithFacebookNormal.png in Resources */,
				8B443E01157FB6C300095931 /* LoginWithFacebookNormal@2x.png in Resources */,
				8B443E08157FC0F700095931 /* TabFacebook.png in Resources */,
				8B443E09157FC0F700095931 /* TabFacebook@2x.png in Resources */,
				8B443E0C157FC10800095931 /* TabBasic.png in Resources */,
				8B443E0D157FC10800095931 /* TabBasic@2x.png in Resources */,
				8B443DF8157FB59800095931 /* KNFBDemoBasicController.xib in Resources */,
				8B2B6EE8157FD2990002B700 /* KNFBDemoFacebookController.xib in Resources */,
				8B2B6EED157FD2B30002B700 /* KNFBIntroViewController.xib in Resources */,
				8B600DB915804C8200203F1B /* KNFBAboutViewController.xib in Resources */,
				8B600DBD15804FAC00203F1B /* TabAbout.png in Resources */,
				8B600DBE15804FAC00203F1B /* TabAbout@2x.png in Resources */,
			);
			runOnlyForDeploymentPostprocessing = 0;
		};
/* End PBXResourcesBuildPhase section */

/* Begin PBXSourcesBuildPhase section */
		8BE7B17C1577EDAF00BC7787 /* Sources */ = {
			isa = PBXSourcesBuildPhase;
			buildActionMask = 2147483647;
			files = (
				8BE7B1911577EDAF00BC7787 /* main.m in Sources */,
				8BE7B1951577EDAF00BC7787 /* KNFBAppDelegate.m in Sources */,
				8BE7B2291577EEE400BC7787 /* UIViewAdditions.m in Sources */,
				8BE7B2241577EEE400BC7787 /* Reachability.m in Sources */,
				8BE7B21B1577EEE400BC7787 /* ASIAuthenticationDialog.m in Sources */,
				8BE7B21C1577EEE400BC7787 /* ASIDataCompressor.m in Sources */,
				8BE7B21D1577EEE400BC7787 /* ASIDataDecompressor.m in Sources */,
				8BE7B21E1577EEE400BC7787 /* ASIDownloadCache.m in Sources */,
				8BE7B21F1577EEE400BC7787 /* ASIFormDataRequest.m in Sources */,
				8BE7B2201577EEE400BC7787 /* ASIHTTPRequest.m in Sources */,
				8BE7B2211577EEE400BC7787 /* ASIInputStream.m in Sources */,
				8BE7B2221577EEE400BC7787 /* ASINetworkQueue.m in Sources */,
				8BE7B2271577EEE400BC7787 /* JSONKit.m in Sources */,
				8BE7B22B1577EEE400BC7787 /* SDImageCache.m in Sources */,
				8BE7B22C1577EEE400BC7787 /* SDWebImageDecoder.m in Sources */,
				8BE7B22D1577EEE400BC7787 /* SDWebImageDownloader.m in Sources */,
				8BE7B22E1577EEE400BC7787 /* SDWebImageManager.m in Sources */,
				8BE7B22F1577EEE400BC7787 /* SDWebImagePrefetcher.m in Sources */,
				8BE7B2301577EEE400BC7787 /* UIButton+WebCache.m in Sources */,
				8BE7B2311577EEE400BC7787 /* UIImageView+WebCache.m in Sources */,
				8BE7B2341577EEE400BC7787 /* SVProgressHUD.m in Sources */,
				8B775EB7157C90A700112752 /* KNMultiItemSelector.m in Sources */,
				8B775EBA157C926500112752 /* KNSelectorItem.m in Sources */,
				8B443DF7157FB59800095931 /* KNFBDemoBasicController.m in Sources */,
				8B2B6EE7157FD2990002B700 /* KNFBDemoFacebookController.m in Sources */,
				8B2B6EEC157FD2B30002B700 /* KNFBIntroViewController.m in Sources */,
				8B600DB815804C8200203F1B /* KNFBAboutViewController.m in Sources */,
			);
			runOnlyForDeploymentPostprocessing = 0;
		};
/* End PBXSourcesBuildPhase section */

/* Begin XCBuildConfiguration section */
		8BE7B1AA1577EDAF00BC7787 /* Debug */ = {
			isa = XCBuildConfiguration;
			buildSettings = {
				ALWAYS_SEARCH_USER_PATHS = NO;
				ARCHS = (
					"$(ARCHS_STANDARD_32_BIT)",
					armv6,
				);
				CLANG_ENABLE_OBJC_ARC = YES;
				CODE_SIGN_IDENTITY = "iPhone Developer";
				"CODE_SIGN_IDENTITY[sdk=iphoneos*]" = "iPhone Developer";
				COPY_PHASE_STRIP = NO;
				GCC_C_LANGUAGE_STANDARD = gnu99;
				GCC_DYNAMIC_NO_PIC = NO;
				GCC_OPTIMIZATION_LEVEL = 0;
				GCC_PREPROCESSOR_DEFINITIONS = (
					"DEBUG=1",
					"$(inherited)",
				);
				GCC_SYMBOLS_PRIVATE_EXTERN = NO;
				GCC_VERSION = com.apple.compilers.llvm.clang.1_0;
				GCC_WARN_ABOUT_RETURN_TYPE = YES;
				GCC_WARN_UNINITIALIZED_AUTOS = YES;
				GCC_WARN_UNUSED_VARIABLE = YES;
				IPHONEOS_DEPLOYMENT_TARGET = 4.2;
				PROVISIONING_PROFILE = "";
				SDKROOT = iphoneos;
				TARGETED_DEVICE_FAMILY = "1,2";
			};
			name = Debug;
		};
		8BE7B1AB1577EDAF00BC7787 /* Release */ = {
			isa = XCBuildConfiguration;
			buildSettings = {
				ALWAYS_SEARCH_USER_PATHS = NO;
				ARCHS = (
					"$(ARCHS_STANDARD_32_BIT)",
					armv6,
				);
				CLANG_ENABLE_OBJC_ARC = YES;
				CODE_SIGN_IDENTITY = "iPhone Distribution";
				"CODE_SIGN_IDENTITY[sdk=iphoneos*]" = "iPhone Distribution";
				COPY_PHASE_STRIP = YES;
				GCC_C_LANGUAGE_STANDARD = gnu99;
				GCC_VERSION = com.apple.compilers.llvm.clang.1_0;
				GCC_WARN_ABOUT_RETURN_TYPE = YES;
				GCC_WARN_UNINITIALIZED_AUTOS = YES;
				GCC_WARN_UNUSED_VARIABLE = YES;
				IPHONEOS_DEPLOYMENT_TARGET = 4.2;
				OTHER_CFLAGS = "-DNS_BLOCK_ASSERTIONS=1";
				PROVISIONING_PROFILE = "";
				"PROVISIONING_PROFILE[sdk=iphoneos*]" = "";
				SDKROOT = iphoneos;
				TARGETED_DEVICE_FAMILY = "1,2";
				VALIDATE_PRODUCT = YES;
			};
			name = Release;
		};
		8BE7B1AD1577EDAF00BC7787 /* Debug */ = {
			isa = XCBuildConfiguration;
			buildSettings = {
				GCC_PRECOMPILE_PREFIX_HEADER = YES;
				GCC_PREFIX_HEADER = "KNFBFriendSelectorDemo/KNFBFriendSelectorDemo-Prefix.pch";
				INFOPLIST_FILE = "KNFBFriendSelectorDemo/KNFBFriendSelectorDemo-Info.plist";
				IPHONEOS_DEPLOYMENT_TARGET = 4.2;
				LIBRARY_SEARCH_PATHS = (
					"$(inherited)",
					"\"$(SRCROOT)/KNFBFriendSelectorDemo/Libraries/facebook-ios-sdk\"",
				);
				PRODUCT_NAME = "$(TARGET_NAME)";
				WRAPPER_EXTENSION = app;
			};
			name = Debug;
		};
		8BE7B1AE1577EDAF00BC7787 /* Release */ = {
			isa = XCBuildConfiguration;
			buildSettings = {
				GCC_PRECOMPILE_PREFIX_HEADER = YES;
				GCC_PREFIX_HEADER = "KNFBFriendSelectorDemo/KNFBFriendSelectorDemo-Prefix.pch";
				INFOPLIST_FILE = "KNFBFriendSelectorDemo/KNFBFriendSelectorDemo-Info.plist";
				IPHONEOS_DEPLOYMENT_TARGET = 4.2;
				LIBRARY_SEARCH_PATHS = (
					"$(inherited)",
					"\"$(SRCROOT)/KNFBFriendSelectorDemo/Libraries/facebook-ios-sdk\"",
				);
				PRODUCT_NAME = "$(TARGET_NAME)";
				WRAPPER_EXTENSION = app;
			};
			name = Release;
		};
/* End XCBuildConfiguration section */

/* Begin XCConfigurationList section */
		8BE7B17A1577EDAF00BC7787 /* Build configuration list for PBXProject "KNFBFriendSelectorDemo" */ = {
			isa = XCConfigurationList;
			buildConfigurations = (
				8BE7B1AA1577EDAF00BC7787 /* Debug */,
				8BE7B1AB1577EDAF00BC7787 /* Release */,
			);
			defaultConfigurationIsVisible = 0;
			defaultConfigurationName = Release;
		};
		8BE7B1AC1577EDAF00BC7787 /* Build configuration list for PBXNativeTarget "KNFBFriendSelectorDemo" */ = {
			isa = XCConfigurationList;
			buildConfigurations = (
				8BE7B1AD1577EDAF00BC7787 /* Debug */,
				8BE7B1AE1577EDAF00BC7787 /* Release */,
			);
			defaultConfigurationIsVisible = 0;
			defaultConfigurationName = Release;
		};
/* End XCConfigurationList section */
	};
	rootObject = 8BE7B1771577EDAF00BC7787 /* Project object */;
}
