// !$*UTF8*$!
{
	archiveVersion = 1;
	classes = {
	};
	objectVersion = 46;
	objects = {

/* Begin PBXBuildFile section */
		8BE7B1851577EDAF00BC7787 /* UIKit.framework in Frameworks */ = {isa = PBXBuildFile; fileRef = 8BE7B1841577EDAF00BC7787 /* UIKit.framework */; };
		8BE7B1871577EDAF00BC7787 /* Foundation.framework in Frameworks */ = {isa = PBXBuildFile; fileRef = 8BE7B1861577EDAF00BC7787 /* Foundation.framework */; };
		8BE7B1891577EDAF00BC7787 /* CoreGraphics.framework in Frameworks */ = {isa = PBXBuildFile; fileRef = 8BE7B1881577EDAF00BC7787 /* CoreGraphics.framework */; };
		8BE7B18F1577EDAF00BC7787 /* InfoPlist.strings in Resources */ = {isa = PBXBuildFile; fileRef = 8BE7B18D1577EDAF00BC7787 /* InfoPlist.strings */; };
		8BE7B1911577EDAF00BC7787 /* main.m in Sources */ = {isa = PBXBuildFile; fileRef = 8BE7B1901577EDAF00BC7787 /* main.m */; };
		8BE7B1951577EDAF00BC7787 /* KNFBAppDelegate.m in Sources */ = {isa = PBXBuildFile; fileRef = 8BE7B1941577EDAF00BC7787 /* KNFBAppDelegate.m */; };
		8BE7B1981577EDAF00BC7787 /* KNFBFirstViewController.m in Sources */ = {isa = PBXBuildFile; fileRef = 8BE7B1971577EDAF00BC7787 /* KNFBFirstViewController.m */; };
		8BE7B19A1577EDAF00BC7787 /* first.png in Resources */ = {isa = PBXBuildFile; fileRef = 8BE7B1991577EDAF00BC7787 /* first.png */; };
		8BE7B19C1577EDAF00BC7787 /* first@2x.png in Resources */ = {isa = PBXBuildFile; fileRef = 8BE7B19B1577EDAF00BC7787 /* first@2x.png */; };
		8BE7B19F1577EDAF00BC7787 /* KNFBSecondViewController.m in Sources */ = {isa = PBXBuildFile; fileRef = 8BE7B19E1577EDAF00BC7787 /* KNFBSecondViewController.m */; };
		8BE7B1A11577EDAF00BC7787 /* second.png in Resources */ = {isa = PBXBuildFile; fileRef = 8BE7B1A01577EDAF00BC7787 /* second.png */; };
		8BE7B1A31577EDAF00BC7787 /* second@2x.png in Resources */ = {isa = PBXBuildFile; fileRef = 8BE7B1A21577EDAF00BC7787 /* second@2x.png */; };
		8BE7B1A61577EDAF00BC7787 /* KNFBFirstViewController.xib in Resources */ = {isa = PBXBuildFile; fileRef = 8BE7B1A41577EDAF00BC7787 /* KNFBFirstViewController.xib */; };
		8BE7B1A91577EDAF00BC7787 /* KNFBSecondViewController.xib in Resources */ = {isa = PBXBuildFile; fileRef = 8BE7B1A71577EDAF00BC7787 /* KNFBSecondViewController.xib */; };
/* End PBXBuildFile section */

/* Begin PBXFileReference section */
		8BE7B1801577EDAF00BC7787 /* KNFBFriendSelectorDemo.app */ = {isa = PBXFileReference; explicitFileType = wrapper.application; includeInIndex = 0; path = KNFBFriendSelectorDemo.app; sourceTree = BUILT_PRODUCTS_DIR; };
		8BE7B1841577EDAF00BC7787 /* UIKit.framework */ = {isa = PBXFileReference; lastKnownFileType = wrapper.framework; name = UIKit.framework; path = System/Library/Frameworks/UIKit.framework; sourceTree = SDKROOT; };
		8BE7B1861577EDAF00BC7787 /* Foundation.framework */ = {isa = PBXFileReference; lastKnownFileType = wrapper.framework; name = Foundation.framework; path = System/Library/Frameworks/Foundation.framework; sourceTree = SDKROOT; };
		8BE7B1881577EDAF00BC7787 /* CoreGraphics.framework */ = {isa = PBXFileReference; lastKnownFileType = wrapper.framework; name = CoreGraphics.framework; path = System/Library/Frameworks/CoreGraphics.framework; sourceTree = SDKROOT; };
		8BE7B18C1577EDAF00BC7787 /* KNFBFriendSelectorDemo-Info.plist */ = {isa = PBXFileReference; lastKnownFileType = text.plist.xml; path = "KNFBFriendSelectorDemo-Info.plist"; sourceTree = "<group>"; };
		8BE7B18E1577EDAF00BC7787 /* en */ = {isa = PBXFileReference; lastKnownFileType = text.plist.strings; name = en; path = en.lproj/InfoPlist.strings; sourceTree = "<group>"; };
		8BE7B1901577EDAF00BC7787 /* main.m */ = {isa = PBXFileReference; lastKnownFileType = sourcecode.c.objc; path = main.m; sourceTree = "<group>"; };
		8BE7B1921577EDAF00BC7787 /* KNFBFriendSelectorDemo-Prefix.pch */ = {isa = PBXFileReference; lastKnownFileType = sourcecode.c.h; path = "KNFBFriendSelectorDemo-Prefix.pch"; sourceTree = "<group>"; };
		8BE7B1931577EDAF00BC7787 /* KNFBAppDelegate.h */ = {isa = PBXFileReference; lastKnownFileType = sourcecode.c.h; path = KNFBAppDelegate.h; sourceTree = "<group>"; };
		8BE7B1941577EDAF00BC7787 /* KNFBAppDelegate.m */ = {isa = PBXFileReference; lastKnownFileType = sourcecode.c.objc; path = KNFBAppDelegate.m; sourceTree = "<group>"; };
		8BE7B1961577EDAF00BC7787 /* KNFBFirstViewController.h */ = {isa = PBXFileReference; lastKnownFileType = sourcecode.c.h; path = KNFBFirstViewController.h; sourceTree = "<group>"; };
		8BE7B1971577EDAF00BC7787 /* KNFBFirstViewController.m */ = {isa = PBXFileReference; lastKnownFileType = sourcecode.c.objc; path = KNFBFirstViewController.m; sourceTree = "<group>"; };
		8BE7B1991577EDAF00BC7787 /* first.png */ = {isa = PBXFileReference; lastKnownFileType = image.png; path = first.png; sourceTree = "<group>"; };
		8BE7B19B1577EDAF00BC7787 /* first@2x.png */ = {isa = PBXFileReference; lastKnownFileType = image.png; path = "first@2x.png"; sourceTree = "<group>"; };
		8BE7B19D1577EDAF00BC7787 /* KNFBSecondViewController.h */ = {isa = PBXFileReference; lastKnownFileType = sourcecode.c.h; path = KNFBSecondViewController.h; sourceTree = "<group>"; };
		8BE7B19E1577EDAF00BC7787 /* KNFBSecondViewController.m */ = {isa = PBXFileReference; lastKnownFileType = sourcecode.c.objc; path = KNFBSecondViewController.m; sourceTree = "<group>"; };
		8BE7B1A01577EDAF00BC7787 /* second.png */ = {isa = PBXFileReference; lastKnownFileType = image.png; path = second.png; sourceTree = "<group>"; };
		8BE7B1A21577EDAF00BC7787 /* second@2x.png */ = {isa = PBXFileReference; lastKnownFileType = image.png; path = "second@2x.png"; sourceTree = "<group>"; };
		8BE7B1A51577EDAF00BC7787 /* en */ = {isa = PBXFileReference; lastKnownFileType = file.xib; name = en; path = en.lproj/KNFBFirstViewController.xib; sourceTree = "<group>"; };
		8BE7B1A81577EDAF00BC7787 /* en */ = {isa = PBXFileReference; lastKnownFileType = file.xib; name = en; path = en.lproj/KNFBSecondViewController.xib; sourceTree = "<group>"; };
/* End PBXFileReference section */

/* Begin PBXFrameworksBuildPhase section */
		8BE7B17D1577EDAF00BC7787 /* Frameworks */ = {
			isa = PBXFrameworksBuildPhase;
			buildActionMask = 2147483647;
			files = (
				8BE7B1851577EDAF00BC7787 /* UIKit.framework in Frameworks */,
				8BE7B1871577EDAF00BC7787 /* Foundation.framework in Frameworks */,
				8BE7B1891577EDAF00BC7787 /* CoreGraphics.framework in Frameworks */,
			);
			runOnlyForDeploymentPostprocessing = 0;
		};
/* End PBXFrameworksBuildPhase section */

/* Begin PBXGroup section */
		8BE7B1751577EDAF00BC7787 = {
			isa = PBXGroup;
			children = (
				8BE7B18A1577EDAF00BC7787 /* KNFBFriendSelectorDemo */,
				8BE7B1831577EDAF00BC7787 /* Frameworks */,
				8BE7B1811577EDAF00BC7787 /* Products */,
			);
			sourceTree = "<group>";
		};
		8BE7B1811577EDAF00BC7787 /* Products */ = {
			isa = PBXGroup;
			children = (
				8BE7B1801577EDAF00BC7787 /* KNFBFriendSelectorDemo.app */,
			);
			name = Products;
			sourceTree = "<group>";
		};
		8BE7B1831577EDAF00BC7787 /* Frameworks */ = {
			isa = PBXGroup;
			children = (
				8BE7B1841577EDAF00BC7787 /* UIKit.framework */,
				8BE7B1861577EDAF00BC7787 /* Foundation.framework */,
				8BE7B1881577EDAF00BC7787 /* CoreGraphics.framework */,
			);
			name = Frameworks;
			sourceTree = "<group>";
		};
		8BE7B18A1577EDAF00BC7787 /* KNFBFriendSelectorDemo */ = {
			isa = PBXGroup;
			children = (
				8BE7B1931577EDAF00BC7787 /* KNFBAppDelegate.h */,
				8BE7B1941577EDAF00BC7787 /* KNFBAppDelegate.m */,
				8BE7B1961577EDAF00BC7787 /* KNFBFirstViewController.h */,
				8BE7B1971577EDAF00BC7787 /* KNFBFirstViewController.m */,
				8BE7B1991577EDAF00BC7787 /* first.png */,
				8BE7B19B1577EDAF00BC7787 /* first@2x.png */,
				8BE7B19D1577EDAF00BC7787 /* KNFBSecondViewController.h */,
				8BE7B19E1577EDAF00BC7787 /* KNFBSecondViewController.m */,
				8BE7B1A01577EDAF00BC7787 /* second.png */,
				8BE7B1A21577EDAF00BC7787 /* second@2x.png */,
				8BE7B1A41577EDAF00BC7787 /* KNFBFirstViewController.xib */,
				8BE7B1A71577EDAF00BC7787 /* KNFBSecondViewController.xib */,
				8BE7B18B1577EDAF00BC7787 /* Supporting Files */,
			);
			path = KNFBFriendSelectorDemo;
			sourceTree = "<group>";
		};
		8BE7B18B1577EDAF00BC7787 /* Supporting Files */ = {
			isa = PBXGroup;
			children = (
				8BE7B18C1577EDAF00BC7787 /* KNFBFriendSelectorDemo-Info.plist */,
				8BE7B18D1577EDAF00BC7787 /* InfoPlist.strings */,
				8BE7B1901577EDAF00BC7787 /* main.m */,
				8BE7B1921577EDAF00BC7787 /* KNFBFriendSelectorDemo-Prefix.pch */,
			);
			name = "Supporting Files";
			sourceTree = "<group>";
		};
/* End PBXGroup section */

/* Begin PBXNativeTarget section */
		8BE7B17F1577EDAF00BC7787 /* KNFBFriendSelectorDemo */ = {
			isa = PBXNativeTarget;
			buildConfigurationList = 8BE7B1AC1577EDAF00BC7787 /* Build configuration list for PBXNativeTarget "KNFBFriendSelectorDemo" */;
			buildPhases = (
				8BE7B17C1577EDAF00BC7787 /* Sources */,
				8BE7B17D1577EDAF00BC7787 /* Frameworks */,
				8BE7B17E1577EDAF00BC7787 /* Resources */,
			);
			buildRules = (
			);
			dependencies = (
			);
			name = KNFBFriendSelectorDemo;
			productName = KNFBFriendSelectorDemo;
			productReference = 8BE7B1801577EDAF00BC7787 /* KNFBFriendSelectorDemo.app */;
			productType = "com.apple.product-type.application";
		};
/* End PBXNativeTarget section */

/* Begin PBXProject section */
		8BE7B1771577EDAF00BC7787 /* Project object */ = {
			isa = PBXProject;
			attributes = {
				CLASSPREFIX = KNFB;
				LastUpgradeCheck = 0430;
			};
			buildConfigurationList = 8BE7B17A1577EDAF00BC7787 /* Build configuration list for PBXProject "KNFBFriendSelectorDemo" */;
			compatibilityVersion = "Xcode 3.2";
			developmentRegion = English;
			hasScannedForEncodings = 0;
			knownRegions = (
				en,
			);
			mainGroup = 8BE7B1751577EDAF00BC7787;
			productRefGroup = 8BE7B1811577EDAF00BC7787 /* Products */;
			projectDirPath = "";
			projectRoot = "";
			targets = (
				8BE7B17F1577EDAF00BC7787 /* KNFBFriendSelectorDemo */,
			);
		};
/* End PBXProject section */

/* Begin PBXResourcesBuildPhase section */
		8BE7B17E1577EDAF00BC7787 /* Resources */ = {
			isa = PBXResourcesBuildPhase;
			buildActionMask = 2147483647;
			files = (
				8BE7B18F1577EDAF00BC7787 /* InfoPlist.strings in Resources */,
				8BE7B19A1577EDAF00BC7787 /* first.png in Resources */,
				8BE7B19C1577EDAF00BC7787 /* first@2x.png in Resources */,
				8BE7B1A11577EDAF00BC7787 /* second.png in Resources */,
				8BE7B1A31577EDAF00BC7787 /* second@2x.png in Resources */,
				8BE7B1A61577EDAF00BC7787 /* KNFBFirstViewController.xib in Resources */,
				8BE7B1A91577EDAF00BC7787 /* KNFBSecondViewController.xib in Resources */,
			);
			runOnlyForDeploymentPostprocessing = 0;
		};
/* End PBXResourcesBuildPhase section */

/* Begin PBXSourcesBuildPhase section */
		8BE7B17C1577EDAF00BC7787 /* Sources */ = {
			isa = PBXSourcesBuildPhase;
			buildActionMask = 2147483647;
			files = (
				8BE7B1911577EDAF00BC7787 /* main.m in Sources */,
				8BE7B1951577EDAF00BC7787 /* KNFBAppDelegate.m in Sources */,
				8BE7B1981577EDAF00BC7787 /* KNFBFirstViewController.m in Sources */,
				8BE7B19F1577EDAF00BC7787 /* KNFBSecondViewController.m in Sources */,
			);
			runOnlyForDeploymentPostprocessing = 0;
		};
/* End PBXSourcesBuildPhase section */

/* Begin PBXVariantGroup section */
		8BE7B18D1577EDAF00BC7787 /* InfoPlist.strings */ = {
			isa = PBXVariantGroup;
			children = (
				8BE7B18E1577EDAF00BC7787 /* en */,
			);
			name = InfoPlist.strings;
			sourceTree = "<group>";
		};
		8BE7B1A41577EDAF00BC7787 /* KNFBFirstViewController.xib */ = {
			isa = PBXVariantGroup;
			children = (
				8BE7B1A51577EDAF00BC7787 /* en */,
			);
			name = KNFBFirstViewController.xib;
			sourceTree = "<group>";
		};
		8BE7B1A71577EDAF00BC7787 /* KNFBSecondViewController.xib */ = {
			isa = PBXVariantGroup;
			children = (
				8BE7B1A81577EDAF00BC7787 /* en */,
			);
			name = KNFBSecondViewController.xib;
			sourceTree = "<group>";
		};
/* End PBXVariantGroup section */

/* Begin XCBuildConfiguration section */
		8BE7B1AA1577EDAF00BC7787 /* Debug */ = {
			isa = XCBuildConfiguration;
			buildSettings = {
				ALWAYS_SEARCH_USER_PATHS = NO;
				ARCHS = "$(ARCHS_STANDARD_32_BIT)";
				CLANG_ENABLE_OBJC_ARC = YES;
				"CODE_SIGN_IDENTITY[sdk=iphoneos*]" = "iPhone Developer";
				COPY_PHASE_STRIP = NO;
				GCC_C_LANGUAGE_STANDARD = gnu99;
				GCC_DYNAMIC_NO_PIC = NO;
				GCC_OPTIMIZATION_LEVEL = 0;
				GCC_PREPROCESSOR_DEFINITIONS = (
					"DEBUG=1",
					"$(inherited)",
				);
				GCC_SYMBOLS_PRIVATE_EXTERN = NO;
				GCC_VERSION = com.apple.compilers.llvm.clang.1_0;
				GCC_WARN_ABOUT_RETURN_TYPE = YES;
				GCC_WARN_UNINITIALIZED_AUTOS = YES;
				GCC_WARN_UNUSED_VARIABLE = YES;
				IPHONEOS_DEPLOYMENT_TARGET = 5.1;
				SDKROOT = iphoneos;
			};
			name = Debug;
		};
		8BE7B1AB1577EDAF00BC7787 /* Release */ = {
			isa = XCBuildConfiguration;
			buildSettings = {
				ALWAYS_SEARCH_USER_PATHS = NO;
				ARCHS = "$(ARCHS_STANDARD_32_BIT)";
				CLANG_ENABLE_OBJC_ARC = YES;
				"CODE_SIGN_IDENTITY[sdk=iphoneos*]" = "iPhone Developer";
				COPY_PHASE_STRIP = YES;
				GCC_C_LANGUAGE_STANDARD = gnu99;
				GCC_VERSION = com.apple.compilers.llvm.clang.1_0;
				GCC_WARN_ABOUT_RETURN_TYPE = YES;
				GCC_WARN_UNINITIALIZED_AUTOS = YES;
				GCC_WARN_UNUSED_VARIABLE = YES;
				IPHONEOS_DEPLOYMENT_TARGET = 5.1;
				OTHER_CFLAGS = "-DNS_BLOCK_ASSERTIONS=1";
				SDKROOT = iphoneos;
				VALIDATE_PRODUCT = YES;
			};
			name = Release;
		};
		8BE7B1AD1577EDAF00BC7787 /* Debug */ = {
			isa = XCBuildConfiguration;
			buildSettings = {
				GCC_PRECOMPILE_PREFIX_HEADER = YES;
				GCC_PREFIX_HEADER = "KNFBFriendSelectorDemo/KNFBFriendSelectorDemo-Prefix.pch";
				INFOPLIST_FILE = "KNFBFriendSelectorDemo/KNFBFriendSelectorDemo-Info.plist";
				IPHONEOS_DEPLOYMENT_TARGET = 4.3;
				PRODUCT_NAME = "$(TARGET_NAME)";
				WRAPPER_EXTENSION = app;
			};
			name = Debug;
		};
		8BE7B1AE1577EDAF00BC7787 /* Release */ = {
			isa = XCBuildConfiguration;
			buildSettings = {
				GCC_PRECOMPILE_PREFIX_HEADER = YES;
				GCC_PREFIX_HEADER = "KNFBFriendSelectorDemo/KNFBFriendSelectorDemo-Prefix.pch";
				INFOPLIST_FILE = "KNFBFriendSelectorDemo/KNFBFriendSelectorDemo-Info.plist";
				IPHONEOS_DEPLOYMENT_TARGET = 4.3;
				PRODUCT_NAME = "$(TARGET_NAME)";
				WRAPPER_EXTENSION = app;
			};
			name = Release;
		};
/* End XCBuildConfiguration section */

/* Begin XCConfigurationList section */
		8BE7B17A1577EDAF00BC7787 /* Build configuration list for PBXProject "KNFBFriendSelectorDemo" */ = {
			isa = XCConfigurationList;
			buildConfigurations = (
				8BE7B1AA1577EDAF00BC7787 /* Debug */,
				8BE7B1AB1577EDAF00BC7787 /* Release */,
			);
			defaultConfigurationIsVisible = 0;
			defaultConfigurationName = Release;
		};
		8BE7B1AC1577EDAF00BC7787 /* Build configuration list for PBXNativeTarget "KNFBFriendSelectorDemo" */ = {
			isa = XCConfigurationList;
			buildConfigurations = (
				8BE7B1AD1577EDAF00BC7787 /* Debug */,
				8BE7B1AE1577EDAF00BC7787 /* Release */,
			);
			defaultConfigurationIsVisible = 0;
		};
/* End XCConfigurationList section */
	};
	rootObject = 8BE7B1771577EDAF00BC7787 /* Project object */;
}
